
Microsoft Visual Studio Solution File, Format Version 12.00
# Visual Studio Version 16
VisualStudioVersion = 16.0.31702.278
MinimumVisualStudioVersion = 10.0.40219.1
Project("{FAE04EC0-301F-11D3-BF4B-00C04F79EFBC}") = "labochka2_2", "labochka2_2\labochka2_2.csproj", "{17961076-C955-44FD-8C94-D7044400F551}"
EndProject
Global
	GlobalSection(SolutionConfigurationPlatforms) = preSolution
		Debug|Any CPU = Debug|Any CPU
		Release|Any CPU = Release|Any CPU
	EndGlobalSection
	GlobalSection(ProjectConfigurationPlatforms) = postSolution
		{17961076-C955-44FD-8C94-D7044400F551}.Debug|Any CPU.ActiveCfg = Debug|Any CPU
		{17961076-C955-44FD-8C94-D7044400F551}.Debug|Any CPU.Build.0 = Debug|Any CPU
		{17961076-C955-44FD-8C94-D7044400F551}.Release|Any CPU.ActiveCfg = Release|Any CPU
		{17961076-C955-44FD-8C94-D7044400F551}.Release|Any CPU.Build.0 = Release|Any CPU
	EndGlobalSection
	GlobalSection(SolutionProperties) = preSolution
		HideSolutionNode = FALSE
	EndGlobalSection
	GlobalSection(ExtensibilityGlobals) = postSolution
		SolutionGuid = {4824BECC-ED77-470C-8B78-B09D12E1E42B}
	EndGlobalSection
EndGlobal
